
Microsoft Visual Studio Solution File, Format Version 12.00
# Visual Studio Version 17
VisualStudioVersion = 17.1.32319.34
MinimumVisualStudioVersion = 10.0.40219.1
Project("{9A19103F-16F7-4668-BE54-9A1E7A4F7556}") = "SupperHeroesAndVillainsApp.Web", "SuperHeroesAndVillainsApp.Web\SupperHeroesAndVillainsApp.Web.csproj", "{F98E9B7D-64CA-4688-9310-BA45C36ECCB5}"
EndProject
Project("{9A19103F-16F7-4668-BE54-9A1E7A4F7556}") = "SupperHeroesAndVillainsApp.Tests", "SuperHeroesAndVillainsApp.Tests\SupperHeroesAndVillainsApp.Tests.csproj", "{A54C14BE-0044-4B41-9D62-50F8F6A079E0}"
EndProject
Global
	GlobalSection(SolutionConfigurationPlatforms) = preSolution
		Debug|Any CPU = Debug|Any CPU
		Release|Any CPU = Release|Any CPU
	EndGlobalSection
	GlobalSection(ProjectConfigurationPlatforms) = postSolution
		{F98E9B7D-64CA-4688-9310-BA45C36ECCB5}.Debug|Any CPU.ActiveCfg = Debug|Any CPU
		{F98E9B7D-64CA-4688-9310-BA45C36ECCB5}.Debug|Any CPU.Build.0 = Debug|Any CPU
		{F98E9B7D-64CA-4688-9310-BA45C36ECCB5}.Release|Any CPU.ActiveCfg = Release|Any CPU
		{F98E9B7D-64CA-4688-9310-BA45C36ECCB5}.Release|Any CPU.Build.0 = Release|Any CPU
		{A54C14BE-0044-4B41-9D62-50F8F6A079E0}.Debug|Any CPU.ActiveCfg = Debug|Any CPU
		{A54C14BE-0044-4B41-9D62-50F8F6A079E0}.Debug|Any CPU.Build.0 = Debug|Any CPU
		{A54C14BE-0044-4B41-9D62-50F8F6A079E0}.Release|Any CPU.ActiveCfg = Release|Any CPU
		{A54C14BE-0044-4B41-9D62-50F8F6A079E0}.Release|Any CPU.Build.0 = Release|Any CPU
	EndGlobalSection
	GlobalSection(SolutionProperties) = preSolution
		HideSolutionNode = FALSE
	EndGlobalSection
	GlobalSection(ExtensibilityGlobals) = postSolution
		SolutionGuid = {B4711D27-F965-42BD-ABAD-0F42FDD2C72D}
	EndGlobalSection
EndGlobal
